Microsoft Visual Studio Solution File, Format Version 12.00
# Visual Studio Version 17
VisualStudioVersion = 17.5.2.0
MinimumVisualStudioVersion = 10.0.40219.1
Project("{FAE04EC0-301F-11D3-BF4B-00C04F79EFBC}") = "PayByLink", "PayByLink.csproj", "{2B3F6C58-A0CC-EAE8-F2AD-060EFD1BCA09}"
EndProject
Global
	GlobalSection(SolutionConfigurationPlatforms) = preSolution
		Debug|Any CPU = Debug|Any CPU
		Release|Any CPU = Release|Any CPU
	EndGlobalSection
	GlobalSection(ProjectConfigurationPlatforms) = postSolution
		{2B3F6C58-A0CC-EAE8-F2AD-060EFD1BCA09}.Debug|Any CPU.ActiveCfg = Debug|Any CPU
		{2B3F6C58-A0CC-EAE8-F2AD-060EFD1BCA09}.Debug|Any CPU.Build.0 = Debug|Any CPU
		{2B3F6C58-A0CC-EAE8-F2AD-060EFD1BCA09}.Release|Any CPU.ActiveCfg = Release|Any CPU
		{2B3F6C58-A0CC-EAE8-F2AD-060EFD1BCA09}.Release|Any CPU.Build.0 = Release|Any CPU
	EndGlobalSection
	GlobalSection(SolutionProperties) = preSolution
		HideSolutionNode = FALSE
	EndGlobalSection
	GlobalSection(ExtensibilityGlobals) = postSolution
		SolutionGuid = {1F07EB50-1E58-4115-B56D-AD3A3482D066}
	EndGlobalSection
EndGlobal
